
Microsoft Visual Studio Solution File, Format Version 12.00
# Visual Studio Version 17
VisualStudioVersion = 17.12.35527.113 d17.12
MinimumVisualStudioVersion = 10.0.40219.1
Project("{FAE04EC0-301F-11D3-BF4B-00C04F79EFBC}") = "mcdaniel", "mcdaniel\mcdaniel.csproj", "{BD6745E2-001D-4D45-A49A-4B0967FD3871}"
EndProject
Global
	GlobalSection(SolutionConfigurationPlatforms) = preSolution
		Debug|Any CPU = Debug|Any CPU
		Release|Any CPU = Release|Any CPU
	EndGlobalSection
	GlobalSection(ProjectConfigurationPlatforms) = postSolution
		{BD6745E2-001D-4D45-A49A-4B0967FD3871}.Debug|Any CPU.ActiveCfg = Debug|Any CPU
		{BD6745E2-001D-4D45-A49A-4B0967FD3871}.Debug|Any CPU.Build.0 = Debug|Any CPU
		{BD6745E2-001D-4D45-A49A-4B0967FD3871}.Release|Any CPU.ActiveCfg = Release|Any CPU
		{BD6745E2-001D-4D45-A49A-4B0967FD3871}.Release|Any CPU.Build.0 = Release|Any CPU
	EndGlobalSection
	GlobalSection(SolutionProperties) = preSolution
		HideSolutionNode = FALSE
	EndGlobalSection
EndGlobal
